
Microsoft Visual Studio Solution File, Format Version 12.00
# Visual Studio Version 17
VisualStudioVersion = 17.12.35728.132
MinimumVisualStudioVersion = 10.0.40219.1
Project("{FAE04EC0-301F-11D3-BF4B-00C04F79EFBC}") = "Do-An-client", "Do-An-client.csproj", "{F80B2C75-F743-4334-B174-E3403DFC0129}"
EndProject
Global
	GlobalSection(SolutionConfigurationPlatforms) = preSolution
		Debug|Any CPU = Debug|Any CPU
		Release|Any CPU = Release|Any CPU
	EndGlobalSection
	GlobalSection(ProjectConfigurationPlatforms) = postSolution
		{F80B2C75-F743-4334-B174-E3403DFC0129}.Debug|Any CPU.ActiveCfg = Debug|Any CPU
		{F80B2C75-F743-4334-B174-E3403DFC0129}.Debug|Any CPU.Build.0 = Debug|Any CPU
		{F80B2C75-F743-4334-B174-E3403DFC0129}.Release|Any CPU.ActiveCfg = Release|Any CPU
		{F80B2C75-F743-4334-B174-E3403DFC0129}.Release|Any CPU.Build.0 = Release|Any CPU
	EndGlobalSection
	GlobalSection(SolutionProperties) = preSolution
		HideSolutionNode = FALSE
	EndGlobalSection
EndGlobal
